
Microsoft Visual Studio Solution File, Format Version 12.00
# Visual Studio 15
VisualStudioVersion = 15.0.28307.852
MinimumVisualStudioVersion = 10.0.40219.1
Project("{FAE04EC0-301F-11D3-BF4B-00C04F79EFBC}") = "WConsoleApp2", "WConsoleApp2\WConsoleApp2.csproj", "{7BBB84DD-D91C-49E7-90DF-24311403AA41}"
EndProject
Project("{FAE04EC0-301F-11D3-BF4B-00C04F79EFBC}") = "WConsoleApp2Tests", "WConsoleApp2Tests\WConsoleApp2Tests.csproj", "{0C22B8FA-452B-464F-87DE-75750863D10C}"
EndProject
Global
	GlobalSection(SolutionConfigurationPlatforms) = preSolution
		Debug|Any CPU = Debug|Any CPU
		Release|Any CPU = Release|Any CPU
	EndGlobalSection
	GlobalSection(ProjectConfigurationPlatforms) = postSolution
		{7BBB84DD-D91C-49E7-90DF-24311403AA41}.Debug|Any CPU.ActiveCfg = Debug|Any CPU
		{7BBB84DD-D91C-49E7-90DF-24311403AA41}.Debug|Any CPU.Build.0 = Debug|Any CPU
		{7BBB84DD-D91C-49E7-90DF-24311403AA41}.Release|Any CPU.ActiveCfg = Release|Any CPU
		{7BBB84DD-D91C-49E7-90DF-24311403AA41}.Release|Any CPU.Build.0 = Release|Any CPU
		{0C22B8FA-452B-464F-87DE-75750863D10C}.Debug|Any CPU.ActiveCfg = Debug|Any CPU
		{0C22B8FA-452B-464F-87DE-75750863D10C}.Debug|Any CPU.Build.0 = Debug|Any CPU
		{0C22B8FA-452B-464F-87DE-75750863D10C}.Release|Any CPU.ActiveCfg = Release|Any CPU
		{0C22B8FA-452B-464F-87DE-75750863D10C}.Release|Any CPU.Build.0 = Release|Any CPU
	EndGlobalSection
	GlobalSection(SolutionProperties) = preSolution
		HideSolutionNode = FALSE
	EndGlobalSection
	GlobalSection(ExtensibilityGlobals) = postSolution
		SolutionGuid = {B7FA2198-35B0-4BDF-A75E-30DF7910FDFE}
	EndGlobalSection
EndGlobal
